
Microsoft Visual Studio Solution File, Format Version 12.00
# Visual Studio 14
VisualStudioVersion = 14.0.23107.0
MinimumVisualStudioVersion = 10.0.40219.1
Project("{2150E333-8FDC-42A3-9474-1A3956D46DE8}") = "Global", "Global", "{3A6BFD04-114E-4AEB-B75E-78B32182712C}"
EndProject
Project("{2150E333-8FDC-42A3-9474-1A3956D46DE8}") = "Module", "Module", "{068CD52B-01CD-4767-B361-FDFCF04A000A}"
EndProject
Project("{FAE04EC0-301F-11D3-BF4B-00C04F79EFBC}") = "AsNum.Xmj.OrderManager", "AsNum.Xmj.OrderManager\AsNum.Xmj.OrderManager.csproj", "{318FA9B5-D479-4EE5-A54F-3FF2412AC848}"
EndProject
Project("{FAE04EC0-301F-11D3-BF4B-00C04F79EFBC}") = "AsNum.Xmj.AliSync", "AsNum.Xmj.AliSync\AsNum.Xmj.AliSync.csproj", "{EB1EEBF5-782E-4841-B433-54CEBA9A1659}"
EndProject
Project("{FAE04EC0-301F-11D3-BF4B-00C04F79EFBC}") = "AsNum.Xmj.API", "AsNum.Aliexpress.API\AsNum.Xmj.API.csproj", "{D7C258D4-3EE9-4A70-AA35-A587DA1621B7}"
EndProject
Project("{FAE04EC0-301F-11D3-BF4B-00C04F79EFBC}") = "AsNum.Xmj.Setting2", "AsNum.Xmj.Setting2\AsNum.Xmj.Setting2.csproj", "{1E18E11A-FB4E-4C1D-8DF4-657E2280EFDF}"
EndProject
Project("{FAE04EC0-301F-11D3-BF4B-00C04F79EFBC}") = "AsNum.Xmj.Logger", "AsNum.Xmj.Logger\AsNum.Xmj.Logger.csproj", "{17C87983-BD5F-41CB-B08D-7FC99EC7768B}"
EndProject
Project("{FAE04EC0-301F-11D3-BF4B-00C04F79EFBC}") = "AsNum.Xmj.Entity", "AsNum.Aliexpress.Entity\AsNum.Xmj.Entity.csproj", "{550E304D-19BE-457A-80B9-AF54693FD37F}"
EndProject
Project("{FAE04EC0-301F-11D3-BF4B-00C04F79EFBC}") = "AsNum.Xmj.Data", "AsNum.Aliexpress.Data\AsNum.Xmj.Data.csproj", "{9A20EB26-8A39-47AD-8F06-BF1FB54359D7}"
EndProject
Project("{2150E333-8FDC-42A3-9474-1A3956D46DE8}") = "Tools", "Tools", "{B41341B2-E8A8-4D68-84A0-5CC7A514038A}"
EndProject
Project("{FAE04EC0-301F-11D3-BF4B-00C04F79EFBC}") = "AsNum.Aliexpress.APITestTool", "AsNum.Aliexpress.APITestTool\AsNum.Aliexpress.APITestTool.csproj", "{949E462B-2C41-4A18-A4D7-580ED4DB4F3C}"
EndProject
Project("{FAE04EC0-301F-11D3-BF4B-00C04F79EFBC}") = "AsNum.Xmj.API.Res", "AsNum.Aliexpress.API.Res\AsNum.Xmj.API.Res.csproj", "{6BF1735D-5544-4166-938F-7D6466686D77}"
EndProject
Project("{FAE04EC0-301F-11D3-BF4B-00C04F79EFBC}") = "AsNum.Xmj.Report", "AsNum.Xmj.Report\AsNum.Xmj.Report.csproj", "{350C36E6-355A-4AD6-8E48-ABCFE5F09D8E}"
EndProject
Project("{FAE04EC0-301F-11D3-BF4B-00C04F79EFBC}") = "AsNum.WPF.Controls", "AsNum.WPF.Controls\AsNum.WPF.Controls.csproj", "{142F0E8F-A50B-4C2A-8AC8-E96AA239C701}"
EndProject
Project("{FAE04EC0-301F-11D3-BF4B-00C04F79EFBC}") = "AsNum.Test", "AsNum.Test\AsNum.Test.csproj", "{0C4C5DA3-AA8C-46A6-BB5B-CAF35C7D25B5}"
EndProject
Project("{FAE04EC0-301F-11D3-BF4B-00C04F79EFBC}") = "CopyProduct", "CopyProduct\CopyProduct.csproj", "{0393FCBA-796F-4986-88EE-AF0DCF85FBCB}"
EndProject
Project("{FAE04EC0-301F-11D3-BF4B-00C04F79EFBC}") = "AsNum.Common.Windows", "AsNum.Common.Windows\AsNum.Common.Windows.csproj", "{68E1DCD3-B706-4BCD-9182-1E67EACABE4F}"
EndProject
Project("{FAE04EC0-301F-11D3-BF4B-00C04F79EFBC}") = "AsNum.Xmj.ProductManager", "AsNum.Xmj.ProductManager\AsNum.Xmj.ProductManager.csproj", "{63AAE266-85F8-40BC-B166-CE448C3A20F7}"
EndProject
Project("{FAE04EC0-301F-11D3-BF4B-00C04F79EFBC}") = "AsNum.Common.WPF", "AsNum.Common.WPF\AsNum.Common.WPF.csproj", "{330CAD55-9CC8-4C54-86ED-94B31B7EEAA7}"
EndProject
Project("{FAE04EC0-301F-11D3-BF4B-00C04F79EFBC}") = "AsNum.ScreenShoter", "AsNum.ScreenShoter\AsNum.ScreenShoter.csproj", "{A226E808-60C1-48FD-B732-716878ACBDB8}"
EndProject
Project("{FAE04EC0-301F-11D3-BF4B-00C04F79EFBC}") = "BarCodeScanner", "BarCodeScanner\BarCodeScanner.csproj", "{1AF1674E-CD06-44D0-A897-41A61ABC335C}"
EndProject
Project("{FAE04EC0-301F-11D3-BF4B-00C04F79EFBC}") = "AsNum.Xmj.EFLogger", "AsNum.EF.Logger\AsNum.Xmj.EFLogger.csproj", "{9B6DF289-5BF3-4326-85A5-F3CA3B228902}"
EndProject
Project("{FAE04EC0-301F-11D3-BF4B-00C04F79EFBC}") = "AsNum.Xmj.OnlineLogistics", "AsNum.Xmj.OnlineLogistics\AsNum.Xmj.OnlineLogistics.csproj", "{16D51674-B7F2-4F1B-AFB5-95A9A9F69067}"
EndProject
Project("{FAE04EC0-301F-11D3-BF4B-00C04F79EFBC}") = "AsNum.Xmj.IBiz", "AsNum.Xmj.IBiz\AsNum.Xmj.IBiz.csproj", "{3AF977D1-79E3-4FA0-B1B1-9FB2C5E90A35}"
EndProject
Project("{2150E333-8FDC-42A3-9474-1A3956D46DE8}") = "Biz", "Biz", "{DFA16579-D304-43DF-9D5A-1E91188AC3DF}"
EndProject
Project("{FAE04EC0-301F-11D3-BF4B-00C04F79EFBC}") = "AsNum.Xmj.BizEntity", "AsNum.Xmj.BizEntity\AsNum.Xmj.BizEntity.csproj", "{C75373F8-D631-4FCF-BB1B-7B7DFD475C3C}"
EndProject
Project("{FAE04EC0-301F-11D3-BF4B-00C04F79EFBC}") = "AsNum.Xmj.Biz", "AsNum.Xmj.Biz\AsNum.Xmj.Biz.csproj", "{EBDE6D63-2EE7-4334-9D19-3A8F09B29837}"
EndProject
Project("{2150E333-8FDC-42A3-9474-1A3956D46DE8}") = "Data", "Data", "{3A762B87-A08F-4AFF-A2A1-508BD511457B}"
EndProject
Project("{FAE04EC0-301F-11D3-BF4B-00C04F79EFBC}") = "AsNum.Common.EF", "AsNum.Common.EF\AsNum.Common.EF.csproj", "{CAF3AF88-F2D6-447B-B782-48B406C0279D}"
EndProject
Project("{FAE04EC0-301F-11D3-BF4B-00C04F79EFBC}") = "AsNum.Xmj", "AsNum.Xmj\AsNum.Xmj.csproj", "{CDEDE342-8A6D-4573-A78E-F34FF436C61C}"
EndProject
Project("{FAE04EC0-301F-11D3-BF4B-00C04F79EFBC}") = "AsNum.Xmj.Common", "AsNum.Aliexpress.Common\AsNum.Xmj.Common.csproj", "{406B4768-0638-4B78-B9C2-EDAB9E29A26E}"
EndProject
Global
	GlobalSection(Performance) = preSolution
		HasPerformanceSessions = true
	EndGlobalSection
	GlobalSection(SolutionConfigurationPlatforms) = preSolution
		Debug|Any CPU = Debug|Any CPU
		Debug|ARM = Debug|ARM
		Debug|x64 = Debug|x64
		Debug|x86 = Debug|x86
		Release|Any CPU = Release|Any CPU
		Release|ARM = Release|ARM
		Release|x64 = Release|x64
		Release|x86 = Release|x86
	EndGlobalSection
	GlobalSection(ProjectConfigurationPlatforms) = postSolution
		{318FA9B5-D479-4EE5-A54F-3FF2412AC848}.Debug|Any CPU.ActiveCfg = Debug|Any CPU
		{318FA9B5-D479-4EE5-A54F-3FF2412AC848}.Debug|Any CPU.Build.0 = Debug|Any CPU
		{318FA9B5-D479-4EE5-A54F-3FF2412AC848}.Debug|ARM.ActiveCfg = Debug|Any CPU
		{318FA9B5-D479-4EE5-A54F-3FF2412AC848}.Debug|x64.ActiveCfg = Debug|x64
		{318FA9B5-D479-4EE5-A54F-3FF2412AC848}.Debug|x64.Build.0 = Debug|x64
		{318FA9B5-D479-4EE5-A54F-3FF2412AC848}.Debug|x86.ActiveCfg = Debug|Any CPU
		{318FA9B5-D479-4EE5-A54F-3FF2412AC848}.Release|Any CPU.ActiveCfg = Release|Any CPU
		{318FA9B5-D479-4EE5-A54F-3FF2412AC848}.Release|Any CPU.Build.0 = Release|Any CPU
		{318FA9B5-D479-4EE5-A54F-3FF2412AC848}.Release|ARM.ActiveCfg = Release|Any CPU
		{318FA9B5-D479-4EE5-A54F-3FF2412AC848}.Release|x64.ActiveCfg = Release|Any CPU
		{318FA9B5-D479-4EE5-A54F-3FF2412AC848}.Release|x86.ActiveCfg = Release|Any CPU
		{EB1EEBF5-782E-4841-B433-54CEBA9A1659}.Debug|Any CPU.ActiveCfg = Debug|Any CPU
		{EB1EEBF5-782E-4841-B433-54CEBA9A1659}.Debug|Any CPU.Build.0 = Debug|Any CPU
		{EB1EEBF5-782E-4841-B433-54CEBA9A1659}.Debug|ARM.ActiveCfg = Debug|Any CPU
		{EB1EEBF5-782E-4841-B433-54CEBA9A1659}.Debug|x64.ActiveCfg = Debug|x64
		{EB1EEBF5-782E-4841-B433-54CEBA9A1659}.Debug|x64.Build.0 = Debug|x64
		{EB1EEBF5-782E-4841-B433-54CEBA9A1659}.Debug|x86.ActiveCfg = Debug|Any CPU
		{EB1EEBF5-782E-4841-B433-54CEBA9A1659}.Release|Any CPU.ActiveCfg = Release|Any CPU
		{EB1EEBF5-782E-4841-B433-54CEBA9A1659}.Release|Any CPU.Build.0 = Release|Any CPU
		{EB1EEBF5-782E-4841-B433-54CEBA9A1659}.Release|ARM.ActiveCfg = Release|Any CPU
		{EB1EEBF5-782E-4841-B433-54CEBA9A1659}.Release|x64.ActiveCfg = Release|Any CPU
		{EB1EEBF5-782E-4841-B433-54CEBA9A1659}.Release|x86.ActiveCfg = Release|Any CPU
		{D7C258D4-3EE9-4A70-AA35-A587DA1621B7}.Debug|Any CPU.ActiveCfg = Debug|Any CPU
		{D7C258D4-3EE9-4A70-AA35-A587DA1621B7}.Debug|Any CPU.Build.0 = Debug|Any CPU
		{D7C258D4-3EE9-4A70-AA35-A587DA1621B7}.Debug|ARM.ActiveCfg = Debug|Any CPU
		{D7C258D4-3EE9-4A70-AA35-A587DA1621B7}.Debug|x64.ActiveCfg = Debug|x64
		{D7C258D4-3EE9-4A70-AA35-A587DA1621B7}.Debug|x64.Build.0 = Debug|x64
		{D7C258D4-3EE9-4A70-AA35-A587DA1621B7}.Debug|x86.ActiveCfg = Debug|Any CPU
		{D7C258D4-3EE9-4A70-AA35-A587DA1621B7}.Release|Any CPU.ActiveCfg = Release|Any CPU
		{D7C258D4-3EE9-4A70-AA35-A587DA1621B7}.Release|Any CPU.Build.0 = Release|Any CPU
		{D7C258D4-3EE9-4A70-AA35-A587DA1621B7}.Release|ARM.ActiveCfg = Release|Any CPU
		{D7C258D4-3EE9-4A70-AA35-A587DA1621B7}.Release|x64.ActiveCfg = Release|Any CPU
		{D7C258D4-3EE9-4A70-AA35-A587DA1621B7}.Release|x86.ActiveCfg = Release|Any CPU
		{1E18E11A-FB4E-4C1D-8DF4-657E2280EFDF}.Debug|Any CPU.ActiveCfg = Debug|Any CPU
		{1E18E11A-FB4E-4C1D-8DF4-657E2280EFDF}.Debug|Any CPU.Build.0 = Debug|Any CPU
		{1E18E11A-FB4E-4C1D-8DF4-657E2280EFDF}.Debug|ARM.ActiveCfg = Debug|Any CPU
		{1E18E11A-FB4E-4C1D-8DF4-657E2280EFDF}.Debug|x64.ActiveCfg = Debug|x64
		{1E18E11A-FB4E-4C1D-8DF4-657E2280EFDF}.Debug|x64.Build.0 = Debug|x64
		{1E18E11A-FB4E-4C1D-8DF4-657E2280EFDF}.Debug|x86.ActiveCfg = Debug|Any CPU
		{1E18E11A-FB4E-4C1D-8DF4-657E2280EFDF}.Release|Any CPU.ActiveCfg = Release|Any CPU
		{1E18E11A-FB4E-4C1D-8DF4-657E2280EFDF}.Release|Any CPU.Build.0 = Release|Any CPU
		{1E18E11A-FB4E-4C1D-8DF4-657E2280EFDF}.Release|ARM.ActiveCfg = Release|Any CPU
		{1E18E11A-FB4E-4C1D-8DF4-657E2280EFDF}.Release|x64.ActiveCfg = Release|Any CPU
		{1E18E11A-FB4E-4C1D-8DF4-657E2280EFDF}.Release|x86.ActiveCfg = Release|Any CPU
		{17C87983-BD5F-41CB-B08D-7FC99EC7768B}.Debug|Any CPU.ActiveCfg = Debug|Any CPU
		{17C87983-BD5F-41CB-B08D-7FC99EC7768B}.Debug|Any CPU.Build.0 = Debug|Any CPU
		{17C87983-BD5F-41CB-B08D-7FC99EC7768B}.Debug|ARM.ActiveCfg = Debug|Any CPU
		{17C87983-BD5F-41CB-B08D-7FC99EC7768B}.Debug|x64.ActiveCfg = Debug|x64
		{17C87983-BD5F-41CB-B08D-7FC99EC7768B}.Debug|x64.Build.0 = Debug|x64
		{17C87983-BD5F-41CB-B08D-7FC99EC7768B}.Debug|x86.ActiveCfg = Debug|Any CPU
		{17C87983-BD5F-41CB-B08D-7FC99EC7768B}.Release|Any CPU.ActiveCfg = Release|Any CPU
		{17C87983-BD5F-41CB-B08D-7FC99EC7768B}.Release|Any CPU.Build.0 = Release|Any CPU
		{17C87983-BD5F-41CB-B08D-7FC99EC7768B}.Release|ARM.ActiveCfg = Release|Any CPU
		{17C87983-BD5F-41CB-B08D-7FC99EC7768B}.Release|x64.ActiveCfg = Release|Any CPU
		{17C87983-BD5F-41CB-B08D-7FC99EC7768B}.Release|x86.ActiveCfg = Release|Any CPU
		{550E304D-19BE-457A-80B9-AF54693FD37F}.Debug|Any CPU.ActiveCfg = Debug|Any CPU
		{550E304D-19BE-457A-80B9-AF54693FD37F}.Debug|Any CPU.Build.0 = Debug|Any CPU
		{550E304D-19BE-457A-80B9-AF54693FD37F}.Debug|ARM.ActiveCfg = Debug|Any CPU
		{550E304D-19BE-457A-80B9-AF54693FD37F}.Debug|x64.ActiveCfg = Debug|x64
		{550E304D-19BE-457A-80B9-AF54693FD37F}.Debug|x64.Build.0 = Debug|x64
		{550E304D-19BE-457A-80B9-AF54693FD37F}.Debug|x86.ActiveCfg = Debug|Any CPU
		{550E304D-19BE-457A-80B9-AF54693FD37F}.Release|Any CPU.ActiveCfg = Release|Any CPU
		{550E304D-19BE-457A-80B9-AF54693FD37F}.Release|Any CPU.Build.0 = Release|Any CPU
		{550E304D-19BE-457A-80B9-AF54693FD37F}.Release|ARM.ActiveCfg = Release|Any CPU
		{550E304D-19BE-457A-80B9-AF54693FD37F}.Release|x64.ActiveCfg = Release|Any CPU
		{550E304D-19BE-457A-80B9-AF54693FD37F}.Release|x86.ActiveCfg = Release|Any CPU
		{9A20EB26-8A39-47AD-8F06-BF1FB54359D7}.Debug|Any CPU.ActiveCfg = Debug|Any CPU
		{9A20EB26-8A39-47AD-8F06-BF1FB54359D7}.Debug|Any CPU.Build.0 = Debug|Any CPU
		{9A20EB26-8A39-47AD-8F06-BF1FB54359D7}.Debug|ARM.ActiveCfg = Debug|Any CPU
		{9A20EB26-8A39-47AD-8F06-BF1FB54359D7}.Debug|x64.ActiveCfg = Debug|x64
		{9A20EB26-8A39-47AD-8F06-BF1FB54359D7}.Debug|x64.Build.0 = Debug|x64
		{9A20EB26-8A39-47AD-8F06-BF1FB54359D7}.Debug|x86.ActiveCfg = Debug|Any CPU
		{9A20EB26-8A39-47AD-8F06-BF1FB54359D7}.Release|Any CPU.ActiveCfg = Release|Any CPU
		{9A20EB26-8A39-47AD-8F06-BF1FB54359D7}.Release|Any CPU.Build.0 = Release|Any CPU
		{9A20EB26-8A39-47AD-8F06-BF1FB54359D7}.Release|ARM.ActiveCfg = Release|Any CPU
		{9A20EB26-8A39-47AD-8F06-BF1FB54359D7}.Release|x64.ActiveCfg = Release|Any CPU
		{9A20EB26-8A39-47AD-8F06-BF1FB54359D7}.Release|x86.ActiveCfg = Release|Any CPU
		{949E462B-2C41-4A18-A4D7-580ED4DB4F3C}.Debug|Any CPU.ActiveCfg = Debug|Any CPU
		{949E462B-2C41-4A18-A4D7-580ED4DB4F3C}.Debug|Any CPU.Build.0 = Debug|Any CPU
		{949E462B-2C41-4A18-A4D7-580ED4DB4F3C}.Debug|ARM.ActiveCfg = Debug|Any CPU
		{949E462B-2C41-4A18-A4D7-580ED4DB4F3C}.Debug|x64.ActiveCfg = Debug|x64
		{949E462B-2C41-4A18-A4D7-580ED4DB4F3C}.Debug|x64.Build.0 = Debug|x64
		{949E462B-2C41-4A18-A4D7-580ED4DB4F3C}.Debug|x64.Deploy.0 = Debug|x64
		{949E462B-2C41-4A18-A4D7-580ED4DB4F3C}.Debug|x86.ActiveCfg = Debug|Any CPU
		{949E462B-2C41-4A18-A4D7-580ED4DB4F3C}.Release|Any CPU.ActiveCfg = Release|Any CPU
		{949E462B-2C41-4A18-A4D7-580ED4DB4F3C}.Release|Any CPU.Build.0 = Release|Any CPU
		{949E462B-2C41-4A18-A4D7-580ED4DB4F3C}.Release|ARM.ActiveCfg = Release|Any CPU
		{949E462B-2C41-4A18-A4D7-580ED4DB4F3C}.Release|x64.ActiveCfg = Release|Any CPU
		{949E462B-2C41-4A18-A4D7-580ED4DB4F3C}.Release|x86.ActiveCfg = Release|Any CPU
		{6BF1735D-5544-4166-938F-7D6466686D77}.Debug|Any CPU.ActiveCfg = Debug|Any CPU
		{6BF1735D-5544-4166-938F-7D6466686D77}.Debug|Any CPU.Build.0 = Debug|Any CPU
		{6BF1735D-5544-4166-938F-7D6466686D77}.Debug|ARM.ActiveCfg = Debug|Any CPU
		{6BF1735D-5544-4166-938F-7D6466686D77}.Debug|x64.ActiveCfg = Debug|x64
		{6BF1735D-5544-4166-938F-7D6466686D77}.Debug|x64.Build.0 = Debug|x64
		{6BF1735D-5544-4166-938F-7D6466686D77}.Debug|x86.ActiveCfg = Debug|Any CPU
		{6BF1735D-5544-4166-938F-7D6466686D77}.Release|Any CPU.ActiveCfg = Release|Any CPU
		{6BF1735D-5544-4166-938F-7D6466686D77}.Release|Any CPU.Build.0 = Release|Any CPU
		{6BF1735D-5544-4166-938F-7D6466686D77}.Release|ARM.ActiveCfg = Release|Any CPU
		{6BF1735D-5544-4166-938F-7D6466686D77}.Release|x64.ActiveCfg = Release|Any CPU
		{6BF1735D-5544-4166-938F-7D6466686D77}.Release|x86.ActiveCfg = Release|Any CPU
		{350C36E6-355A-4AD6-8E48-ABCFE5F09D8E}.Debug|Any CPU.ActiveCfg = Debug|Any CPU
		{350C36E6-355A-4AD6-8E48-ABCFE5F09D8E}.Debug|Any CPU.Build.0 = Debug|Any CPU
		{350C36E6-355A-4AD6-8E48-ABCFE5F09D8E}.Debug|ARM.ActiveCfg = Debug|Any CPU
		{350C36E6-355A-4AD6-8E48-ABCFE5F09D8E}.Debug|x64.ActiveCfg = Debug|x64
		{350C36E6-355A-4AD6-8E48-ABCFE5F09D8E}.Debug|x64.Build.0 = Debug|x64
		{350C36E6-355A-4AD6-8E48-ABCFE5F09D8E}.Debug|x86.ActiveCfg = Debug|Any CPU
		{350C36E6-355A-4AD6-8E48-ABCFE5F09D8E}.Release|Any CPU.ActiveCfg = Release|Any CPU
		{350C36E6-355A-4AD6-8E48-ABCFE5F09D8E}.Release|Any CPU.Build.0 = Release|Any CPU
		{350C36E6-355A-4AD6-8E48-ABCFE5F09D8E}.Release|ARM.ActiveCfg = Release|Any CPU
		{350C36E6-355A-4AD6-8E48-ABCFE5F09D8E}.Release|x64.ActiveCfg = Release|Any CPU
		{350C36E6-355A-4AD6-8E48-ABCFE5F09D8E}.Release|x86.ActiveCfg = Release|Any CPU
		{142F0E8F-A50B-4C2A-8AC8-E96AA239C701}.Debug|Any CPU.ActiveCfg = Debug|Any CPU
		{142F0E8F-A50B-4C2A-8AC8-E96AA239C701}.Debug|Any CPU.Build.0 = Debug|Any CPU
		{142F0E8F-A50B-4C2A-8AC8-E96AA239C701}.Debug|ARM.ActiveCfg = Debug|Any CPU
		{142F0E8F-A50B-4C2A-8AC8-E96AA239C701}.Debug|x64.ActiveCfg = Debug|x64
		{142F0E8F-A50B-4C2A-8AC8-E96AA239C701}.Debug|x64.Build.0 = Debug|x64
		{142F0E8F-A50B-4C2A-8AC8-E96AA239C701}.Debug|x86.ActiveCfg = Debug|Any CPU
		{142F0E8F-A50B-4C2A-8AC8-E96AA239C701}.Release|Any CPU.ActiveCfg = Release|Any CPU
		{142F0E8F-A50B-4C2A-8AC8-E96AA239C701}.Release|Any CPU.Build.0 = Release|Any CPU
		{142F0E8F-A50B-4C2A-8AC8-E96AA239C701}.Release|ARM.ActiveCfg = Release|Any CPU
		{142F0E8F-A50B-4C2A-8AC8-E96AA239C701}.Release|x64.ActiveCfg = Release|Any CPU
		{142F0E8F-A50B-4C2A-8AC8-E96AA239C701}.Release|x86.ActiveCfg = Release|Any CPU
		{0C4C5DA3-AA8C-46A6-BB5B-CAF35C7D25B5}.Debug|Any CPU.ActiveCfg = Debug|Any CPU
		{0C4C5DA3-AA8C-46A6-BB5B-CAF35C7D25B5}.Debug|Any CPU.Build.0 = Debug|Any CPU
		{0C4C5DA3-AA8C-46A6-BB5B-CAF35C7D25B5}.Debug|ARM.ActiveCfg = Debug|Any CPU
		{0C4C5DA3-AA8C-46A6-BB5B-CAF35C7D25B5}.Debug|x64.ActiveCfg = Debug|x64
		{0C4C5DA3-AA8C-46A6-BB5B-CAF35C7D25B5}.Debug|x64.Build.0 = Debug|x64
		{0C4C5DA3-AA8C-46A6-BB5B-CAF35C7D25B5}.Debug|x86.ActiveCfg = Debug|Any CPU
		{0C4C5DA3-AA8C-46A6-BB5B-CAF35C7D25B5}.Release|Any CPU.ActiveCfg = Release|Any CPU
		{0C4C5DA3-AA8C-46A6-BB5B-CAF35C7D25B5}.Release|Any CPU.Build.0 = Release|Any CPU
		{0C4C5DA3-AA8C-46A6-BB5B-CAF35C7D25B5}.Release|ARM.ActiveCfg = Release|Any CPU
		{0C4C5DA3-AA8C-46A6-BB5B-CAF35C7D25B5}.Release|x64.ActiveCfg = Release|Any CPU
		{0C4C5DA3-AA8C-46A6-BB5B-CAF35C7D25B5}.Release|x86.ActiveCfg = Release|Any CPU
		{0393FCBA-796F-4986-88EE-AF0DCF85FBCB}.Debug|Any CPU.ActiveCfg = Debug|Any CPU
		{0393FCBA-796F-4986-88EE-AF0DCF85FBCB}.Debug|Any CPU.Build.0 = Debug|Any CPU
		{0393FCBA-796F-4986-88EE-AF0DCF85FBCB}.Debug|ARM.ActiveCfg = Debug|Any CPU
		{0393FCBA-796F-4986-88EE-AF0DCF85FBCB}.Debug|x64.ActiveCfg = Debug|x64
		{0393FCBA-796F-4986-88EE-AF0DCF85FBCB}.Debug|x64.Build.0 = Debug|x64
		{0393FCBA-796F-4986-88EE-AF0DCF85FBCB}.Debug|x86.ActiveCfg = Debug|Any CPU
		{0393FCBA-796F-4986-88EE-AF0DCF85FBCB}.Release|Any CPU.ActiveCfg = Release|Any CPU
		{0393FCBA-796F-4986-88EE-AF0DCF85FBCB}.Release|Any CPU.Build.0 = Release|Any CPU
		{0393FCBA-796F-4986-88EE-AF0DCF85FBCB}.Release|ARM.ActiveCfg = Release|Any CPU
		{0393FCBA-796F-4986-88EE-AF0DCF85FBCB}.Release|x64.ActiveCfg = Release|Any CPU
		{0393FCBA-796F-4986-88EE-AF0DCF85FBCB}.Release|x86.ActiveCfg = Release|Any CPU
		{68E1DCD3-B706-4BCD-9182-1E67EACABE4F}.Debug|Any CPU.ActiveCfg = Debug|Any CPU
		{68E1DCD3-B706-4BCD-9182-1E67EACABE4F}.Debug|Any CPU.Build.0 = Debug|Any CPU
		{68E1DCD3-B706-4BCD-9182-1E67EACABE4F}.Debug|ARM.ActiveCfg = Debug|Any CPU
		{68E1DCD3-B706-4BCD-9182-1E67EACABE4F}.Debug|x64.ActiveCfg = Debug|x64
		{68E1DCD3-B706-4BCD-9182-1E67EACABE4F}.Debug|x64.Build.0 = Debug|x64
		{68E1DCD3-B706-4BCD-9182-1E67EACABE4F}.Debug|x86.ActiveCfg = Debug|Any CPU
		{68E1DCD3-B706-4BCD-9182-1E67EACABE4F}.Release|Any CPU.ActiveCfg = Release|Any CPU
		{68E1DCD3-B706-4BCD-9182-1E67EACABE4F}.Release|Any CPU.Build.0 = Release|Any CPU
		{68E1DCD3-B706-4BCD-9182-1E67EACABE4F}.Release|ARM.ActiveCfg = Release|Any CPU
		{68E1DCD3-B706-4BCD-9182-1E67EACABE4F}.Release|x64.ActiveCfg = Release|Any CPU
		{68E1DCD3-B706-4BCD-9182-1E67EACABE4F}.Release|x86.ActiveCfg = Release|Any CPU
		{63AAE266-85F8-40BC-B166-CE448C3A20F7}.Debug|Any CPU.ActiveCfg = Debug|Any CPU
		{63AAE266-85F8-40BC-B166-CE448C3A20F7}.Debug|Any CPU.Build.0 = Debug|Any CPU
		{63AAE266-85F8-40BC-B166-CE448C3A20F7}.Debug|ARM.ActiveCfg = Debug|Any CPU
		{63AAE266-85F8-40BC-B166-CE448C3A20F7}.Debug|x64.ActiveCfg = Debug|x64
		{63AAE266-85F8-40BC-B166-CE448C3A20F7}.Debug|x64.Build.0 = Debug|x64
		{63AAE266-85F8-40BC-B166-CE448C3A20F7}.Debug|x86.ActiveCfg = Debug|Any CPU
		{63AAE266-85F8-40BC-B166-CE448C3A20F7}.Release|Any CPU.ActiveCfg = Release|Any CPU
		{63AAE266-85F8-40BC-B166-CE448C3A20F7}.Release|Any CPU.Build.0 = Release|Any CPU
		{63AAE266-85F8-40BC-B166-CE448C3A20F7}.Release|ARM.ActiveCfg = Release|Any CPU
		{63AAE266-85F8-40BC-B166-CE448C3A20F7}.Release|x64.ActiveCfg = Release|Any CPU
		{63AAE266-85F8-40BC-B166-CE448C3A20F7}.Release|x86.ActiveCfg = Release|Any CPU
		{330CAD55-9CC8-4C54-86ED-94B31B7EEAA7}.Debug|Any CPU.ActiveCfg = Debug|Any CPU
		{330CAD55-9CC8-4C54-86ED-94B31B7EEAA7}.Debug|Any CPU.Build.0 = Debug|Any CPU
		{330CAD55-9CC8-4C54-86ED-94B31B7EEAA7}.Debug|ARM.ActiveCfg = Debug|Any CPU
		{330CAD55-9CC8-4C54-86ED-94B31B7EEAA7}.Debug|x64.ActiveCfg = Debug|x64
		{330CAD55-9CC8-4C54-86ED-94B31B7EEAA7}.Debug|x64.Build.0 = Debug|x64
		{330CAD55-9CC8-4C54-86ED-94B31B7EEAA7}.Debug|x86.ActiveCfg = Debug|Any CPU
		{330CAD55-9CC8-4C54-86ED-94B31B7EEAA7}.Release|Any CPU.ActiveCfg = Release|Any CPU
		{330CAD55-9CC8-4C54-86ED-94B31B7EEAA7}.Release|Any CPU.Build.0 = Release|Any CPU
		{330CAD55-9CC8-4C54-86ED-94B31B7EEAA7}.Release|ARM.ActiveCfg = Release|Any CPU
		{330CAD55-9CC8-4C54-86ED-94B31B7EEAA7}.Release|x64.ActiveCfg = Release|Any CPU
		{330CAD55-9CC8-4C54-86ED-94B31B7EEAA7}.Release|x86.ActiveCfg = Release|Any CPU
		{A226E808-60C1-48FD-B732-716878ACBDB8}.Debug|Any CPU.ActiveCfg = Debug|Any CPU
		{A226E808-60C1-48FD-B732-716878ACBDB8}.Debug|Any CPU.Build.0 = Debug|Any CPU
		{A226E808-60C1-48FD-B732-716878ACBDB8}.Debug|ARM.ActiveCfg = Debug|Any CPU
		{A226E808-60C1-48FD-B732-716878ACBDB8}.Debug|x64.ActiveCfg = Debug|x64
		{A226E808-60C1-48FD-B732-716878ACBDB8}.Debug|x64.Build.0 = Debug|x64
		{A226E808-60C1-48FD-B732-716878ACBDB8}.Debug|x86.ActiveCfg = Debug|Any CPU
		{A226E808-60C1-48FD-B732-716878ACBDB8}.Release|Any CPU.ActiveCfg = Release|Any CPU
		{A226E808-60C1-48FD-B732-716878ACBDB8}.Release|Any CPU.Build.0 = Release|Any CPU
		{A226E808-60C1-48FD-B732-716878ACBDB8}.Release|ARM.ActiveCfg = Release|Any CPU
		{A226E808-60C1-48FD-B732-716878ACBDB8}.Release|x64.ActiveCfg = Release|Any CPU
		{A226E808-60C1-48FD-B732-716878ACBDB8}.Release|x86.ActiveCfg = Release|Any CPU
		{1AF1674E-CD06-44D0-A897-41A61ABC335C}.Debug|Any CPU.ActiveCfg = Debug|Any CPU
		{1AF1674E-CD06-44D0-A897-41A61ABC335C}.Debug|Any CPU.Build.0 = Debug|Any CPU
		{1AF1674E-CD06-44D0-A897-41A61ABC335C}.Debug|Any CPU.Deploy.0 = Debug|Any CPU
		{1AF1674E-CD06-44D0-A897-41A61ABC335C}.Debug|ARM.ActiveCfg = Debug|ARM
		{1AF1674E-CD06-44D0-A897-41A61ABC335C}.Debug|ARM.Build.0 = Debug|ARM
		{1AF1674E-CD06-44D0-A897-41A61ABC335C}.Debug|ARM.Deploy.0 = Debug|ARM
		{1AF1674E-CD06-44D0-A897-41A61ABC335C}.Debug|x64.ActiveCfg = Debug|Any CPU
		{1AF1674E-CD06-44D0-A897-41A61ABC335C}.Debug|x86.ActiveCfg = Debug|x86
		{1AF1674E-CD06-44D0-A897-41A61ABC335C}.Debug|x86.Build.0 = Debug|x86
		{1AF1674E-CD06-44D0-A897-41A61ABC335C}.Debug|x86.Deploy.0 = Debug|x86
		{1AF1674E-CD06-44D0-A897-41A61ABC335C}.Release|Any CPU.ActiveCfg = Release|Any CPU
		{1AF1674E-CD06-44D0-A897-41A61ABC335C}.Release|Any CPU.Build.0 = Release|Any CPU
		{1AF1674E-CD06-44D0-A897-41A61ABC335C}.Release|Any CPU.Deploy.0 = Release|Any CPU
		{1AF1674E-CD06-44D0-A897-41A61ABC335C}.Release|ARM.ActiveCfg = Release|ARM
		{1AF1674E-CD06-44D0-A897-41A61ABC335C}.Release|ARM.Build.0 = Release|ARM
		{1AF1674E-CD06-44D0-A897-41A61ABC335C}.Release|ARM.Deploy.0 = Release|ARM
		{1AF1674E-CD06-44D0-A897-41A61ABC335C}.Release|x64.ActiveCfg = Release|Any CPU
		{1AF1674E-CD06-44D0-A897-41A61ABC335C}.Release|x86.ActiveCfg = Release|x86
		{1AF1674E-CD06-44D0-A897-41A61ABC335C}.Release|x86.Build.0 = Release|x86
		{1AF1674E-CD06-44D0-A897-41A61ABC335C}.Release|x86.Deploy.0 = Release|x86
		{9B6DF289-5BF3-4326-85A5-F3CA3B228902}.Debug|Any CPU.ActiveCfg = Debug|Any CPU
		{9B6DF289-5BF3-4326-85A5-F3CA3B228902}.Debug|Any CPU.Build.0 = Debug|Any CPU
		{9B6DF289-5BF3-4326-85A5-F3CA3B228902}.Debug|ARM.ActiveCfg = Debug|Any CPU
		{9B6DF289-5BF3-4326-85A5-F3CA3B228902}.Debug|x64.ActiveCfg = Debug|x64
		{9B6DF289-5BF3-4326-85A5-F3CA3B228902}.Debug|x64.Build.0 = Debug|x64
		{9B6DF289-5BF3-4326-85A5-F3CA3B228902}.Debug|x86.ActiveCfg = Debug|Any CPU
		{9B6DF289-5BF3-4326-85A5-F3CA3B228902}.Release|Any CPU.ActiveCfg = Release|Any CPU
		{9B6DF289-5BF3-4326-85A5-F3CA3B228902}.Release|Any CPU.Build.0 = Release|Any CPU
		{9B6DF289-5BF3-4326-85A5-F3CA3B228902}.Release|ARM.ActiveCfg = Release|Any CPU
		{9B6DF289-5BF3-4326-85A5-F3CA3B228902}.Release|x64.ActiveCfg = Release|Any CPU
		{9B6DF289-5BF3-4326-85A5-F3CA3B228902}.Release|x86.ActiveCfg = Release|Any CPU
		{16D51674-B7F2-4F1B-AFB5-95A9A9F69067}.Debug|Any CPU.ActiveCfg = Debug|Any CPU
		{16D51674-B7F2-4F1B-AFB5-95A9A9F69067}.Debug|Any CPU.Build.0 = Debug|Any CPU
		{16D51674-B7F2-4F1B-AFB5-95A9A9F69067}.Debug|ARM.ActiveCfg = Debug|Any CPU
		{16D51674-B7F2-4F1B-AFB5-95A9A9F69067}.Debug|x64.ActiveCfg = Debug|x64
		{16D51674-B7F2-4F1B-AFB5-95A9A9F69067}.Debug|x64.Build.0 = Debug|x64
		{16D51674-B7F2-4F1B-AFB5-95A9A9F69067}.Debug|x86.ActiveCfg = Debug|Any CPU
		{16D51674-B7F2-4F1B-AFB5-95A9A9F69067}.Release|Any CPU.ActiveCfg = Release|Any CPU
		{16D51674-B7F2-4F1B-AFB5-95A9A9F69067}.Release|Any CPU.Build.0 = Release|Any CPU
		{16D51674-B7F2-4F1B-AFB5-95A9A9F69067}.Release|ARM.ActiveCfg = Release|Any CPU
		{16D51674-B7F2-4F1B-AFB5-95A9A9F69067}.Release|x64.ActiveCfg = Release|Any CPU
		{16D51674-B7F2-4F1B-AFB5-95A9A9F69067}.Release|x86.ActiveCfg = Release|Any CPU
		{3AF977D1-79E3-4FA0-B1B1-9FB2C5E90A35}.Debug|Any CPU.ActiveCfg = Debug|Any CPU
		{3AF977D1-79E3-4FA0-B1B1-9FB2C5E90A35}.Debug|Any CPU.Build.0 = Debug|Any CPU
		{3AF977D1-79E3-4FA0-B1B1-9FB2C5E90A35}.Debug|ARM.ActiveCfg = Debug|Any CPU
		{3AF977D1-79E3-4FA0-B1B1-9FB2C5E90A35}.Debug|x64.ActiveCfg = Debug|x64
		{3AF977D1-79E3-4FA0-B1B1-9FB2C5E90A35}.Debug|x64.Build.0 = Debug|x64
		{3AF977D1-79E3-4FA0-B1B1-9FB2C5E90A35}.Debug|x86.ActiveCfg = Debug|Any CPU
		{3AF977D1-79E3-4FA0-B1B1-9FB2C5E90A35}.Release|Any CPU.ActiveCfg = Release|Any CPU
		{3AF977D1-79E3-4FA0-B1B1-9FB2C5E90A35}.Release|Any CPU.Build.0 = Release|Any CPU
		{3AF977D1-79E3-4FA0-B1B1-9FB2C5E90A35}.Release|ARM.ActiveCfg = Release|Any CPU
		{3AF977D1-79E3-4FA0-B1B1-9FB2C5E90A35}.Release|x64.ActiveCfg = Release|Any CPU
		{3AF977D1-79E3-4FA0-B1B1-9FB2C5E90A35}.Release|x86.ActiveCfg = Release|Any CPU
		{C75373F8-D631-4FCF-BB1B-7B7DFD475C3C}.Debug|Any CPU.ActiveCfg = Debug|Any CPU
		{C75373F8-D631-4FCF-BB1B-7B7DFD475C3C}.Debug|Any CPU.Build.0 = Debug|Any CPU
		{C75373F8-D631-4FCF-BB1B-7B7DFD475C3C}.Debug|ARM.ActiveCfg = Debug|Any CPU
		{C75373F8-D631-4FCF-BB1B-7B7DFD475C3C}.Debug|x64.ActiveCfg = Debug|x64
		{C75373F8-D631-4FCF-BB1B-7B7DFD475C3C}.Debug|x64.Build.0 = Debug|x64
		{C75373F8-D631-4FCF-BB1B-7B7DFD475C3C}.Debug|x86.ActiveCfg = Debug|Any CPU
		{C75373F8-D631-4FCF-BB1B-7B7DFD475C3C}.Release|Any CPU.ActiveCfg = Release|Any CPU
		{C75373F8-D631-4FCF-BB1B-7B7DFD475C3C}.Release|Any CPU.Build.0 = Release|Any CPU
		{C75373F8-D631-4FCF-BB1B-7B7DFD475C3C}.Release|ARM.ActiveCfg = Release|Any CPU
		{C75373F8-D631-4FCF-BB1B-7B7DFD475C3C}.Release|x64.ActiveCfg = Release|Any CPU
		{C75373F8-D631-4FCF-BB1B-7B7DFD475C3C}.Release|x86.ActiveCfg = Release|Any CPU
		{EBDE6D63-2EE7-4334-9D19-3A8F09B29837}.Debug|Any CPU.ActiveCfg = Debug|Any CPU
		{EBDE6D63-2EE7-4334-9D19-3A8F09B29837}.Debug|Any CPU.Build.0 = Debug|Any CPU
		{EBDE6D63-2EE7-4334-9D19-3A8F09B29837}.Debug|ARM.ActiveCfg = Debug|Any CPU
		{EBDE6D63-2EE7-4334-9D19-3A8F09B29837}.Debug|x64.ActiveCfg = Debug|x64
		{EBDE6D63-2EE7-4334-9D19-3A8F09B29837}.Debug|x64.Build.0 = Debug|x64
		{EBDE6D63-2EE7-4334-9D19-3A8F09B29837}.Debug|x86.ActiveCfg = Debug|Any CPU
		{EBDE6D63-2EE7-4334-9D19-3A8F09B29837}.Release|Any CPU.ActiveCfg = Release|Any CPU
		{EBDE6D63-2EE7-4334-9D19-3A8F09B29837}.Release|Any CPU.Build.0 = Release|Any CPU
		{EBDE6D63-2EE7-4334-9D19-3A8F09B29837}.Release|ARM.ActiveCfg = Release|Any CPU
		{EBDE6D63-2EE7-4334-9D19-3A8F09B29837}.Release|x64.ActiveCfg = Release|Any CPU
		{EBDE6D63-2EE7-4334-9D19-3A8F09B29837}.Release|x86.ActiveCfg = Release|Any CPU
		{CAF3AF88-F2D6-447B-B782-48B406C0279D}.Debug|Any CPU.ActiveCfg = Debug|Any CPU
		{CAF3AF88-F2D6-447B-B782-48B406C0279D}.Debug|Any CPU.Build.0 = Debug|Any CPU
		{CAF3AF88-F2D6-447B-B782-48B406C0279D}.Debug|ARM.ActiveCfg = Debug|Any CPU
		{CAF3AF88-F2D6-447B-B782-48B406C0279D}.Debug|x64.ActiveCfg = Debug|x64
		{CAF3AF88-F2D6-447B-B782-48B406C0279D}.Debug|x64.Build.0 = Debug|x64
		{CAF3AF88-F2D6-447B-B782-48B406C0279D}.Debug|x86.ActiveCfg = Debug|Any CPU
		{CAF3AF88-F2D6-447B-B782-48B406C0279D}.Release|Any CPU.ActiveCfg = Release|Any CPU
		{CAF3AF88-F2D6-447B-B782-48B406C0279D}.Release|Any CPU.Build.0 = Release|Any CPU
		{CAF3AF88-F2D6-447B-B782-48B406C0279D}.Release|ARM.ActiveCfg = Release|Any CPU
		{CAF3AF88-F2D6-447B-B782-48B406C0279D}.Release|x64.ActiveCfg = Release|Any CPU
		{CAF3AF88-F2D6-447B-B782-48B406C0279D}.Release|x86.ActiveCfg = Release|Any CPU
		{CDEDE342-8A6D-4573-A78E-F34FF436C61C}.Debug|Any CPU.ActiveCfg = Debug|Any CPU
		{CDEDE342-8A6D-4573-A78E-F34FF436C61C}.Debug|Any CPU.Build.0 = Debug|Any CPU
		{CDEDE342-8A6D-4573-A78E-F34FF436C61C}.Debug|ARM.ActiveCfg = Debug|Any CPU
		{CDEDE342-8A6D-4573-A78E-F34FF436C61C}.Debug|x64.ActiveCfg = Debug|x64
		{CDEDE342-8A6D-4573-A78E-F34FF436C61C}.Debug|x64.Build.0 = Debug|x64
		{CDEDE342-8A6D-4573-A78E-F34FF436C61C}.Debug|x86.ActiveCfg = Debug|Any CPU
		{CDEDE342-8A6D-4573-A78E-F34FF436C61C}.Release|Any CPU.ActiveCfg = Release|Any CPU
		{CDEDE342-8A6D-4573-A78E-F34FF436C61C}.Release|Any CPU.Build.0 = Release|Any CPU
		{CDEDE342-8A6D-4573-A78E-F34FF436C61C}.Release|ARM.ActiveCfg = Release|Any CPU
		{CDEDE342-8A6D-4573-A78E-F34FF436C61C}.Release|x64.ActiveCfg = Release|x64
		{CDEDE342-8A6D-4573-A78E-F34FF436C61C}.Release|x64.Build.0 = Release|x64
		{CDEDE342-8A6D-4573-A78E-F34FF436C61C}.Release|x86.ActiveCfg = Release|Any CPU
		{406B4768-0638-4B78-B9C2-EDAB9E29A26E}.Debug|Any CPU.ActiveCfg = Debug|Any CPU
		{406B4768-0638-4B78-B9C2-EDAB9E29A26E}.Debug|Any CPU.Build.0 = Debug|Any CPU
		{406B4768-0638-4B78-B9C2-EDAB9E29A26E}.Debug|ARM.ActiveCfg = Debug|Any CPU
		{406B4768-0638-4B78-B9C2-EDAB9E29A26E}.Debug|x64.ActiveCfg = Debug|x64
		{406B4768-0638-4B78-B9C2-EDAB9E29A26E}.Debug|x64.Build.0 = Debug|x64
		{406B4768-0638-4B78-B9C2-EDAB9E29A26E}.Debug|x86.ActiveCfg = Debug|Any CPU
		{406B4768-0638-4B78-B9C2-EDAB9E29A26E}.Release|Any CPU.ActiveCfg = Release|Any CPU
		{406B4768-0638-4B78-B9C2-EDAB9E29A26E}.Release|Any CPU.Build.0 = Release|Any CPU
		{406B4768-0638-4B78-B9C2-EDAB9E29A26E}.Release|ARM.ActiveCfg = Release|Any CPU
		{406B4768-0638-4B78-B9C2-EDAB9E29A26E}.Release|x64.ActiveCfg = Release|x64
		{406B4768-0638-4B78-B9C2-EDAB9E29A26E}.Release|x64.Build.0 = Release|x64
		{406B4768-0638-4B78-B9C2-EDAB9E29A26E}.Release|x86.ActiveCfg = Release|Any CPU
	EndGlobalSection
	GlobalSection(SolutionProperties) = preSolution
		HideSolutionNode = FALSE
	EndGlobalSection
	GlobalSection(NestedProjects) = preSolution
		{318FA9B5-D479-4EE5-A54F-3FF2412AC848} = {068CD52B-01CD-4767-B361-FDFCF04A000A}
		{EB1EEBF5-782E-4841-B433-54CEBA9A1659} = {068CD52B-01CD-4767-B361-FDFCF04A000A}
		{D7C258D4-3EE9-4A70-AA35-A587DA1621B7} = {3A6BFD04-114E-4AEB-B75E-78B32182712C}
		{1E18E11A-FB4E-4C1D-8DF4-657E2280EFDF} = {068CD52B-01CD-4767-B361-FDFCF04A000A}
		{17C87983-BD5F-41CB-B08D-7FC99EC7768B} = {068CD52B-01CD-4767-B361-FDFCF04A000A}
		{550E304D-19BE-457A-80B9-AF54693FD37F} = {3A762B87-A08F-4AFF-A2A1-508BD511457B}
		{9A20EB26-8A39-47AD-8F06-BF1FB54359D7} = {3A762B87-A08F-4AFF-A2A1-508BD511457B}
		{949E462B-2C41-4A18-A4D7-580ED4DB4F3C} = {B41341B2-E8A8-4D68-84A0-5CC7A514038A}
		{6BF1735D-5544-4166-938F-7D6466686D77} = {3A6BFD04-114E-4AEB-B75E-78B32182712C}
		{350C36E6-355A-4AD6-8E48-ABCFE5F09D8E} = {068CD52B-01CD-4767-B361-FDFCF04A000A}
		{142F0E8F-A50B-4C2A-8AC8-E96AA239C701} = {3A6BFD04-114E-4AEB-B75E-78B32182712C}
		{0C4C5DA3-AA8C-46A6-BB5B-CAF35C7D25B5} = {068CD52B-01CD-4767-B361-FDFCF04A000A}
		{0393FCBA-796F-4986-88EE-AF0DCF85FBCB} = {B41341B2-E8A8-4D68-84A0-5CC7A514038A}
		{68E1DCD3-B706-4BCD-9182-1E67EACABE4F} = {3A6BFD04-114E-4AEB-B75E-78B32182712C}
		{63AAE266-85F8-40BC-B166-CE448C3A20F7} = {068CD52B-01CD-4767-B361-FDFCF04A000A}
		{330CAD55-9CC8-4C54-86ED-94B31B7EEAA7} = {3A6BFD04-114E-4AEB-B75E-78B32182712C}
		{A226E808-60C1-48FD-B732-716878ACBDB8} = {3A6BFD04-114E-4AEB-B75E-78B32182712C}
		{1AF1674E-CD06-44D0-A897-41A61ABC335C} = {B41341B2-E8A8-4D68-84A0-5CC7A514038A}
		{9B6DF289-5BF3-4326-85A5-F3CA3B228902} = {068CD52B-01CD-4767-B361-FDFCF04A000A}
		{16D51674-B7F2-4F1B-AFB5-95A9A9F69067} = {068CD52B-01CD-4767-B361-FDFCF04A000A}
		{3AF977D1-79E3-4FA0-B1B1-9FB2C5E90A35} = {DFA16579-D304-43DF-9D5A-1E91188AC3DF}
		{C75373F8-D631-4FCF-BB1B-7B7DFD475C3C} = {DFA16579-D304-43DF-9D5A-1E91188AC3DF}
		{EBDE6D63-2EE7-4334-9D19-3A8F09B29837} = {DFA16579-D304-43DF-9D5A-1E91188AC3DF}
		{CAF3AF88-F2D6-447B-B782-48B406C0279D} = {3A6BFD04-114E-4AEB-B75E-78B32182712C}
		{406B4768-0638-4B78-B9C2-EDAB9E29A26E} = {3A6BFD04-114E-4AEB-B75E-78B32182712C}
	EndGlobalSection
	GlobalSection(ExtensibilityGlobals) = postSolution
		EnterpriseLibraryConfigurationToolBinariesPathV6 = packages\EnterpriseLibrary.Common.6.0.1304.0\lib\NET45;packages\EnterpriseLibrary.PolicyInjection.6.0.1304.0\lib\NET45;packages\EnterpriseLibrary.Validation.6.0.1304.0\lib\NET45
		VisualSVNWorkingCopyRoot = .
	EndGlobalSection
EndGlobal
